
Microsoft Visual Studio Solution File, Format Version 12.00
# Visual Studio Version 17
VisualStudioVersion = 17.7.34202.233
MinimumVisualStudioVersion = 10.0.40219.1
Project("{9A19103F-16F7-4668-BE54-9A1E7A4F7556}") = "TypesAndVariables", "TypesAndVariables\TypesAndVariables.csproj", "{C14F0223-B933-4D2B-88A1-D5548C82620D}"
EndProject
Project("{9A19103F-16F7-4668-BE54-9A1E7A4F7556}") = "Methods", "Methods\Methods.csproj", "{9B43E282-7A49-41ED-A26F-ABC6F8EFFE77}"
EndProject
Project("{9A19103F-16F7-4668-BE54-9A1E7A4F7556}") = "Arrays", "Arrays\Arrays.csproj", "{45875964-4F23-4222-AA73-56F600E21662}"
EndProject
Project("{9A19103F-16F7-4668-BE54-9A1E7A4F7556}") = "Loops", "Loops\Loops.csproj", "{FE692C53-D59E-4F56-A951-CE10E0ED3082}"
EndProject
Project("{9A19103F-16F7-4668-BE54-9A1E7A4F7556}") = "Strings", "Strings\Strings.csproj", "{3AF7F533-98C3-4860-9A8A-9F298C619349}"
EndProject
Project("{FAE04EC0-301F-11D3-BF4B-00C04F79EFBC}") = "Classes", "Classes\Classes.csproj", "{0EB7C0B6-519C-4359-9AB6-88B5CB902353}"
EndProject
Global
	GlobalSection(SolutionConfigurationPlatforms) = preSolution
		Debug|Any CPU = Debug|Any CPU
		Release|Any CPU = Release|Any CPU
	EndGlobalSection
	GlobalSection(ProjectConfigurationPlatforms) = postSolution
		{C14F0223-B933-4D2B-88A1-D5548C82620D}.Debug|Any CPU.ActiveCfg = Debug|Any CPU
		{C14F0223-B933-4D2B-88A1-D5548C82620D}.Debug|Any CPU.Build.0 = Debug|Any CPU
		{C14F0223-B933-4D2B-88A1-D5548C82620D}.Release|Any CPU.ActiveCfg = Release|Any CPU
		{C14F0223-B933-4D2B-88A1-D5548C82620D}.Release|Any CPU.Build.0 = Release|Any CPU
		{9B43E282-7A49-41ED-A26F-ABC6F8EFFE77}.Debug|Any CPU.ActiveCfg = Debug|Any CPU
		{9B43E282-7A49-41ED-A26F-ABC6F8EFFE77}.Debug|Any CPU.Build.0 = Debug|Any CPU
		{9B43E282-7A49-41ED-A26F-ABC6F8EFFE77}.Release|Any CPU.ActiveCfg = Release|Any CPU
		{9B43E282-7A49-41ED-A26F-ABC6F8EFFE77}.Release|Any CPU.Build.0 = Release|Any CPU
		{45875964-4F23-4222-AA73-56F600E21662}.Debug|Any CPU.ActiveCfg = Debug|Any CPU
		{45875964-4F23-4222-AA73-56F600E21662}.Debug|Any CPU.Build.0 = Debug|Any CPU
		{45875964-4F23-4222-AA73-56F600E21662}.Release|Any CPU.ActiveCfg = Release|Any CPU
		{45875964-4F23-4222-AA73-56F600E21662}.Release|Any CPU.Build.0 = Release|Any CPU
		{FE692C53-D59E-4F56-A951-CE10E0ED3082}.Debug|Any CPU.ActiveCfg = Debug|Any CPU
		{FE692C53-D59E-4F56-A951-CE10E0ED3082}.Debug|Any CPU.Build.0 = Debug|Any CPU
		{FE692C53-D59E-4F56-A951-CE10E0ED3082}.Release|Any CPU.ActiveCfg = Release|Any CPU
		{FE692C53-D59E-4F56-A951-CE10E0ED3082}.Release|Any CPU.Build.0 = Release|Any CPU
		{3AF7F533-98C3-4860-9A8A-9F298C619349}.Debug|Any CPU.ActiveCfg = Debug|Any CPU
		{3AF7F533-98C3-4860-9A8A-9F298C619349}.Debug|Any CPU.Build.0 = Debug|Any CPU
		{3AF7F533-98C3-4860-9A8A-9F298C619349}.Release|Any CPU.ActiveCfg = Release|Any CPU
		{3AF7F533-98C3-4860-9A8A-9F298C619349}.Release|Any CPU.Build.0 = Release|Any CPU
		{0EB7C0B6-519C-4359-9AB6-88B5CB902353}.Debug|Any CPU.ActiveCfg = Debug|Any CPU
		{0EB7C0B6-519C-4359-9AB6-88B5CB902353}.Debug|Any CPU.Build.0 = Debug|Any CPU
		{0EB7C0B6-519C-4359-9AB6-88B5CB902353}.Release|Any CPU.ActiveCfg = Release|Any CPU
		{0EB7C0B6-519C-4359-9AB6-88B5CB902353}.Release|Any CPU.Build.0 = Release|Any CPU
	EndGlobalSection
	GlobalSection(SolutionProperties) = preSolution
		HideSolutionNode = FALSE
	EndGlobalSection
	GlobalSection(ExtensibilityGlobals) = postSolution
		SolutionGuid = {78BF5501-68B2-4F26-8294-1A513266298D}
	EndGlobalSection
EndGlobal
